// !$*UTF8*$!
{
	archiveVersion = 1;
	classes = {
	};
	objectVersion = 56;
	objects = {

/* Begin PBXBuildFile section */
		F21F7F6A2B1B79D600E894E3 /* ConfigInfo.xcprivacy in Resources */ = {isa = PBXBuildFile; fileRef = F21F7F692B1B79D600E894E3 /* ConfigInfo.xcprivacy */; };
		F21F7F6C2B1B7A5000E894E3 /* AppConfig.swift in Sources */ = {isa = PBXBuildFile; fileRef = F21F7F6B2B1B7A5000E894E3 /* AppConfig.swift */; };
		F243397F2B1CF99B00C4D4B5 /* ManagerCointListRow.swift in Sources */ = {isa = PBXBuildFile; fileRef = F243397E2B1CF99B00C4D4B5 /* ManagerCointListRow.swift */; };
		F24339812B1D018600C4D4B5 /* MainTabView.swift in Sources */ = {isa = PBXBuildFile; fileRef = F24339802B1D018600C4D4B5 /* MainTabView.swift */; };
		F24339882B1D02E400C4D4B5 /* ManagerModel.swift in Sources */ = {isa = PBXBuildFile; fileRef = F24339872B1D02E400C4D4B5 /* ManagerModel.swift */; };
		F29344842B1B99E700A9BABB /* CoinListRow.swift in Sources */ = {isa = PBXBuildFile; fileRef = F29344832B1B99E700A9BABB /* CoinListRow.swift */; };
		F29344862B1B9B3000A9BABB /* ManagerView.swift in Sources */ = {isa = PBXBuildFile; fileRef = F29344852B1B9B3000A9BABB /* ManagerView.swift */; };
		F2B92FB92B1926320015E7C7 /* crypto_managerApp.swift in Sources */ = {isa = PBXBuildFile; fileRef = F2B92FB82B1926320015E7C7 /* crypto_managerApp.swift */; };
		F2B92FBB2B1926320015E7C7 /* CoinsView.swift in Sources */ = {isa = PBXBuildFile; fileRef = F2B92FBA2B1926320015E7C7 /* CoinsView.swift */; };
		F2B92FBD2B1926340015E7C7 /* Assets.xcassets in Resources */ = {isa = PBXBuildFile; fileRef = F2B92FBC2B1926340015E7C7 /* Assets.xcassets */; };
		F2B92FC02B1926340015E7C7 /* Preview Assets.xcassets in Resources */ = {isa = PBXBuildFile; fileRef = F2B92FBF2B1926340015E7C7 /* Preview Assets.xcassets */; };
		F2B92FCB2B19278C0015E7C7 /* Coin.swift in Sources */ = {isa = PBXBuildFile; fileRef = F2B92FCA2B19278C0015E7C7 /* Coin.swift */; };
		F2B92FCD2B1927D00015E7C7 /* CoinService.swift in Sources */ = {isa = PBXBuildFile; fileRef = F2B92FCC2B1927D00015E7C7 /* CoinService.swift */; };
		F2B92FCF2B192D830015E7C7 /* CoinViewModel.swift in Sources */ = {isa = PBXBuildFile; fileRef = F2B92FCE2B192D830015E7C7 /* CoinViewModel.swift */; };
/* End PBXBuildFile section */

/* Begin PBXFileReference section */
		F21F7F692B1B79D600E894E3 /* ConfigInfo.xcprivacy */ = {isa = PBXFileReference; lastKnownFileType = text.xml; path = ConfigInfo.xcprivacy; sourceTree = "<group>"; };
		F21F7F6B2B1B7A5000E894E3 /* AppConfig.swift */ = {isa = PBXFileReference; lastKnownFileType = sourcecode.swift; path = AppConfig.swift; sourceTree = "<group>"; };
		F243397E2B1CF99B00C4D4B5 /* ManagerCointListRow.swift */ = {isa = PBXFileReference; lastKnownFileType = sourcecode.swift; path = ManagerCointListRow.swift; sourceTree = "<group>"; };
		F24339802B1D018600C4D4B5 /* MainTabView.swift */ = {isa = PBXFileReference; lastKnownFileType = sourcecode.swift; path = MainTabView.swift; sourceTree = "<group>"; };
		F24339872B1D02E400C4D4B5 /* ManagerModel.swift */ = {isa = PBXFileReference; lastKnownFileType = sourcecode.swift; path = ManagerModel.swift; sourceTree = "<group>"; };
		F29344832B1B99E700A9BABB /* CoinListRow.swift */ = {isa = PBXFileReference; lastKnownFileType = sourcecode.swift; path = CoinListRow.swift; sourceTree = "<group>"; };
		F29344852B1B9B3000A9BABB /* ManagerView.swift */ = {isa = PBXFileReference; lastKnownFileType = sourcecode.swift; path = ManagerView.swift; sourceTree = "<group>"; };
		F2B92FB52B1926320015E7C7 /* crypto-manager.app */ = {isa = PBXFileReference; explicitFileType = wrapper.application; includeInIndex = 0; path = "crypto-manager.app"; sourceTree = BUILT_PRODUCTS_DIR; };
		F2B92FB82B1926320015E7C7 /* crypto_managerApp.swift */ = {isa = PBXFileReference; lastKnownFileType = sourcecode.swift; path = crypto_managerApp.swift; sourceTree = "<group>"; };
		F2B92FBA2B1926320015E7C7 /* CoinsView.swift */ = {isa = PBXFileReference; lastKnownFileType = sourcecode.swift; path = CoinsView.swift; sourceTree = "<group>"; };
		F2B92FBC2B1926340015E7C7 /* Assets.xcassets */ = {isa = PBXFileReference; lastKnownFileType = folder.assetcatalog; path = Assets.xcassets; sourceTree = "<group>"; };
		F2B92FBF2B1926340015E7C7 /* Preview Assets.xcassets */ = {isa = PBXFileReference; lastKnownFileType = folder.assetcatalog; path = "Preview Assets.xcassets"; sourceTree = "<group>"; };
		F2B92FCA2B19278C0015E7C7 /* Coin.swift */ = {isa = PBXFileReference; lastKnownFileType = sourcecode.swift; path = Coin.swift; sourceTree = "<group>"; };
		F2B92FCC2B1927D00015E7C7 /* CoinService.swift */ = {isa = PBXFileReference; lastKnownFileType = sourcecode.swift; path = CoinService.swift; sourceTree = "<group>"; };
		F2B92FCE2B192D830015E7C7 /* CoinViewModel.swift */ = {isa = PBXFileReference; lastKnownFileType = sourcecode.swift; path = CoinViewModel.swift; sourceTree = "<group>"; };
/* End PBXFileReference section */

/* Begin PBXFrameworksBuildPhase section */
		F2B92FB22B1926320015E7C7 /* Frameworks */ = {
			isa = PBXFrameworksBuildPhase;
			buildActionMask = 2147483647;
			files = (
			);
			runOnlyForDeploymentPostprocessing = 0;
		};
/* End PBXFrameworksBuildPhase section */

/* Begin PBXGroup section */
		F21F7F652B1B795400E894E3 /* Config */ = {
			isa = PBXGroup;
			children = (
				F21F7F692B1B79D600E894E3 /* ConfigInfo.xcprivacy */,
				F21F7F6B2B1B7A5000E894E3 /* AppConfig.swift */,
			);
			path = Config;
			sourceTree = "<group>";
		};
		F24339822B1D020400C4D4B5 /* Manager */ = {
			isa = PBXGroup;
			children = (
				F24339852B1D021700C4D4B5 /* Model */,
				F24339842B1D021000C4D4B5 /* ViewModel */,
				F24339832B1D020C00C4D4B5 /* View */,
			);
			path = Manager;
			sourceTree = "<group>";
		};
		F24339832B1D020C00C4D4B5 /* View */ = {
			isa = PBXGroup;
			children = (
				F29344852B1B9B3000A9BABB /* ManagerView.swift */,
				F243397E2B1CF99B00C4D4B5 /* ManagerCointListRow.swift */,
			);
			path = View;
			sourceTree = "<group>";
		};
		F24339842B1D021000C4D4B5 /* ViewModel */ = {
			isa = PBXGroup;
			children = (
			);
			path = ViewModel;
			sourceTree = "<group>";
		};
		F24339852B1D021700C4D4B5 /* Model */ = {
			isa = PBXGroup;
			children = (
				F24339872B1D02E400C4D4B5 /* ManagerModel.swift */,
			);
			path = Model;
			sourceTree = "<group>";
		};
		F24339862B1D023000C4D4B5 /* Coins */ = {
			isa = PBXGroup;
			children = (
				F2B92FC92B1927760015E7C7 /* Model */,
				F2B92FC82B1927720015E7C7 /* Service */,
				F2B92FC72B19276E0015E7C7 /* ViewModel */,
				F2B92FC62B1927680015E7C7 /* View */,
			);
			path = Coins;
			sourceTree = "<group>";
		};
		F2B92FAC2B1926320015E7C7 = {
			isa = PBXGroup;
			children = (
				F2B92FB72B1926320015E7C7 /* crypto-manager */,
				F2B92FB62B1926320015E7C7 /* Products */,
			);
			sourceTree = "<group>";
		};
		F2B92FB62B1926320015E7C7 /* Products */ = {
			isa = PBXGroup;
			children = (
				F2B92FB52B1926320015E7C7 /* crypto-manager.app */,
			);
			name = Products;
			sourceTree = "<group>";
		};
		F2B92FB72B1926320015E7C7 /* crypto-manager */ = {
			isa = PBXGroup;
			children = (
				F21F7F652B1B795400E894E3 /* Config */,
				F24339822B1D020400C4D4B5 /* Manager */,
				F24339862B1D023000C4D4B5 /* Coins */,
				F24339802B1D018600C4D4B5 /* MainTabView.swift */,
				F2B92FB82B1926320015E7C7 /* crypto_managerApp.swift */,
				F2B92FBC2B1926340015E7C7 /* Assets.xcassets */,
				F2B92FBE2B1926340015E7C7 /* Preview Content */,
			);
			path = "crypto-manager";
			sourceTree = "<group>";
		};
		F2B92FBE2B1926340015E7C7 /* Preview Content */ = {
			isa = PBXGroup;
			children = (
				F2B92FBF2B1926340015E7C7 /* Preview Assets.xcassets */,
			);
			path = "Preview Content";
			sourceTree = "<group>";
		};
		F2B92FC62B1927680015E7C7 /* View */ = {
			isa = PBXGroup;
			children = (
				F2B92FBA2B1926320015E7C7 /* CoinsView.swift */,
				F29344832B1B99E700A9BABB /* CoinListRow.swift */,
			);
			path = View;
			sourceTree = "<group>";
		};
		F2B92FC72B19276E0015E7C7 /* ViewModel */ = {
			isa = PBXGroup;
			children = (
				F2B92FCE2B192D830015E7C7 /* CoinViewModel.swift */,
			);
			path = ViewModel;
			sourceTree = "<group>";
		};
		F2B92FC82B1927720015E7C7 /* Service */ = {
			isa = PBXGroup;
			children = (
				F2B92FCC2B1927D00015E7C7 /* CoinService.swift */,
			);
			path = Service;
			sourceTree = "<group>";
		};
		F2B92FC92B1927760015E7C7 /* Model */ = {
			isa = PBXGroup;
			children = (
				F2B92FCA2B19278C0015E7C7 /* Coin.swift */,
			);
			path = Model;
			sourceTree = "<group>";
		};
/* End PBXGroup section */

/* Begin PBXNativeTarget section */
		F2B92FB42B1926320015E7C7 /* crypto-manager */ = {
			isa = PBXNativeTarget;
			buildConfigurationList = F2B92FC32B1926340015E7C7 /* Build configuration list for PBXNativeTarget "crypto-manager" */;
			buildPhases = (
				F2B92FB12B1926320015E7C7 /* Sources */,
				F2B92FB22B1926320015E7C7 /* Frameworks */,
				F2B92FB32B1926320015E7C7 /* Resources */,
			);
			buildRules = (
			);
			dependencies = (
			);
			name = "crypto-manager";
			productName = "crypto-manager";
			productReference = F2B92FB52B1926320015E7C7 /* crypto-manager.app */;
			productType = "com.apple.product-type.application";
		};
/* End PBXNativeTarget section */

/* Begin PBXProject section */
		F2B92FAD2B1926320015E7C7 /* Project object */ = {
			isa = PBXProject;
			attributes = {
				BuildIndependentTargetsInParallel = 1;
				LastSwiftUpdateCheck = 1500;
				LastUpgradeCheck = 1500;
				TargetAttributes = {
					F2B92FB42B1926320015E7C7 = {
						CreatedOnToolsVersion = 15.0.1;
					};
				};
			};
			buildConfigurationList = F2B92FB02B1926320015E7C7 /* Build configuration list for PBXProject "crypto-manager" */;
			compatibilityVersion = "Xcode 14.0";
			developmentRegion = en;
			hasScannedForEncodings = 0;
			knownRegions = (
				en,
				Base,
			);
			mainGroup = F2B92FAC2B1926320015E7C7;
			productRefGroup = F2B92FB62B1926320015E7C7 /* Products */;
			projectDirPath = "";
			projectRoot = "";
			targets = (
				F2B92FB42B1926320015E7C7 /* crypto-manager */,
			);
		};
/* End PBXProject section */

/* Begin PBXResourcesBuildPhase section */
		F2B92FB32B1926320015E7C7 /* Resources */ = {
			isa = PBXResourcesBuildPhase;
			buildActionMask = 2147483647;
			files = (
				F2B92FC02B1926340015E7C7 /* Preview Assets.xcassets in Resources */,
				F2B92FBD2B1926340015E7C7 /* Assets.xcassets in Resources */,
				F21F7F6A2B1B79D600E894E3 /* ConfigInfo.xcprivacy in Resources */,
			);
			runOnlyForDeploymentPostprocessing = 0;
		};
/* End PBXResourcesBuildPhase section */

/* Begin PBXSourcesBuildPhase section */
		F2B92FB12B1926320015E7C7 /* Sources */ = {
			isa = PBXSourcesBuildPhase;
			buildActionMask = 2147483647;
			files = (
				F2B92FCF2B192D830015E7C7 /* CoinViewModel.swift in Sources */,
				F2B92FCB2B19278C0015E7C7 /* Coin.swift in Sources */,
				F29344862B1B9B3000A9BABB /* ManagerView.swift in Sources */,
				F24339882B1D02E400C4D4B5 /* ManagerModel.swift in Sources */,
				F2B92FBB2B1926320015E7C7 /* CoinsView.swift in Sources */,
				F21F7F6C2B1B7A5000E894E3 /* AppConfig.swift in Sources */,
				F2B92FCD2B1927D00015E7C7 /* CoinService.swift in Sources */,
				F29344842B1B99E700A9BABB /* CoinListRow.swift in Sources */,
				F243397F2B1CF99B00C4D4B5 /* ManagerCointListRow.swift in Sources */,
				F2B92FB92B1926320015E7C7 /* crypto_managerApp.swift in Sources */,
				F24339812B1D018600C4D4B5 /* MainTabView.swift in Sources */,
			);
			runOnlyForDeploymentPostprocessing = 0;
		};
/* End PBXSourcesBuildPhase section */

/* Begin XCBuildConfiguration section */
		F2B92FC12B1926340015E7C7 /* Debug */ = {
			isa = XCBuildConfiguration;
			buildSettings = {
				ALWAYS_SEARCH_USER_PATHS = NO;
				ASSETCATALOG_COMPILER_GENERATE_SWIFT_ASSET_SYMBOL_EXTENSIONS = YES;
				CLANG_ANALYZER_NONNULL = YES;
				CLANG_ANALYZER_NUMBER_OBJECT_CONVERSION = YES_AGGRESSIVE;
				CLANG_CXX_LANGUAGE_STANDARD = "gnu++20";
				CLANG_ENABLE_MODULES = YES;
				CLANG_ENABLE_OBJC_ARC = YES;
				CLANG_ENABLE_OBJC_WEAK = YES;
				CLANG_WARN_BLOCK_CAPTURE_AUTORELEASING = YES;
				CLANG_WARN_BOOL_CONVERSION = YES;
				CLANG_WARN_COMMA = YES;
				CLANG_WARN_CONSTANT_CONVERSION = YES;
				CLANG_WARN_DEPRECATED_OBJC_IMPLEMENTATIONS = YES;
				CLANG_WARN_DIRECT_OBJC_ISA_USAGE = YES_ERROR;
				CLANG_WARN_DOCUMENTATION_COMMENTS = YES;
				CLANG_WARN_EMPTY_BODY = YES;
				CLANG_WARN_ENUM_CONVERSION = YES;
				CLANG_WARN_INFINITE_RECURSION = YES;
				CLANG_WARN_INT_CONVERSION = YES;
				CLANG_WARN_NON_LITERAL_NULL_CONVERSION = YES;
				CLANG_WARN_OBJC_IMPLICIT_RETAIN_SELF = YES;
				CLANG_WARN_OBJC_LITERAL_CONVERSION = YES;
				CLANG_WARN_OBJC_ROOT_CLASS = YES_ERROR;
				CLANG_WARN_QUOTED_INCLUDE_IN_FRAMEWORK_HEADER = YES;
				CLANG_WARN_RANGE_LOOP_ANALYSIS = YES;
				CLANG_WARN_STRICT_PROTOTYPES = YES;
				CLANG_WARN_SUSPICIOUS_MOVE = YES;
				CLANG_WARN_UNGUARDED_AVAILABILITY = YES_AGGRESSIVE;
				CLANG_WARN_UNREACHABLE_CODE = YES;
				CLANG_WARN__DUPLICATE_METHOD_MATCH = YES;
				COPY_PHASE_STRIP = NO;
				DEBUG_INFORMATION_FORMAT = dwarf;
				ENABLE_STRICT_OBJC_MSGSEND = YES;
				ENABLE_TESTABILITY = YES;
				ENABLE_USER_SCRIPT_SANDBOXING = YES;
				GCC_C_LANGUAGE_STANDARD = gnu17;
				GCC_DYNAMIC_NO_PIC = NO;
				GCC_NO_COMMON_BLOCKS = YES;
				GCC_OPTIMIZATION_LEVEL = 0;
				GCC_PREPROCESSOR_DEFINITIONS = (
					"DEBUG=1",
					"$(inherited)",
				);
				GCC_WARN_64_TO_32_BIT_CONVERSION = YES;
				GCC_WARN_ABOUT_RETURN_TYPE = YES_ERROR;
				GCC_WARN_UNDECLARED_SELECTOR = YES;
				GCC_WARN_UNINITIALIZED_AUTOS = YES_AGGRESSIVE;
				GCC_WARN_UNUSED_FUNCTION = YES;
				GCC_WARN_UNUSED_VARIABLE = YES;
				IPHONEOS_DEPLOYMENT_TARGET = 17.0;
				LOCALIZATION_PREFERS_STRING_CATALOGS = YES;
				MTL_ENABLE_DEBUG_INFO = INCLUDE_SOURCE;
				MTL_FAST_MATH = YES;
				ONLY_ACTIVE_ARCH = YES;
				SDKROOT = iphoneos;
				SWIFT_ACTIVE_COMPILATION_CONDITIONS = "DEBUG $(inherited)";
				SWIFT_OPTIMIZATION_LEVEL = "-Onone";
			};
			name = Debug;
		};
		F2B92FC22B1926340015E7C7 /* Release */ = {
			isa = XCBuildConfiguration;
			buildSettings = {
				ALWAYS_SEARCH_USER_PATHS = NO;
				ASSETCATALOG_COMPILER_GENERATE_SWIFT_ASSET_SYMBOL_EXTENSIONS = YES;
				CLANG_ANALYZER_NONNULL = YES;
				CLANG_ANALYZER_NUMBER_OBJECT_CONVERSION = YES_AGGRESSIVE;
				CLANG_CXX_LANGUAGE_STANDARD = "gnu++20";
				CLANG_ENABLE_MODULES = YES;
				CLANG_ENABLE_OBJC_ARC = YES;
				CLANG_ENABLE_OBJC_WEAK = YES;
				CLANG_WARN_BLOCK_CAPTURE_AUTORELEASING = YES;
				CLANG_WARN_BOOL_CONVERSION = YES;
				CLANG_WARN_COMMA = YES;
				CLANG_WARN_CONSTANT_CONVERSION = YES;
				CLANG_WARN_DEPRECATED_OBJC_IMPLEMENTATIONS = YES;
				CLANG_WARN_DIRECT_OBJC_ISA_USAGE = YES_ERROR;
				CLANG_WARN_DOCUMENTATION_COMMENTS = YES;
				CLANG_WARN_EMPTY_BODY = YES;
				CLANG_WARN_ENUM_CONVERSION = YES;
				CLANG_WARN_INFINITE_RECURSION = YES;
				CLANG_WARN_INT_CONVERSION = YES;
				CLANG_WARN_NON_LITERAL_NULL_CONVERSION = YES;
				CLANG_WARN_OBJC_IMPLICIT_RETAIN_SELF = YES;
				CLANG_WARN_OBJC_LITERAL_CONVERSION = YES;
				CLANG_WARN_OBJC_ROOT_CLASS = YES_ERROR;
				CLANG_WARN_QUOTED_INCLUDE_IN_FRAMEWORK_HEADER = YES;
				CLANG_WARN_RANGE_LOOP_ANALYSIS = YES;
				CLANG_WARN_STRICT_PROTOTYPES = YES;
				CLANG_WARN_SUSPICIOUS_MOVE = YES;
				CLANG_WARN_UNGUARDED_AVAILABILITY = YES_AGGRESSIVE;
				CLANG_WARN_UNREACHABLE_CODE = YES;
				CLANG_WARN__DUPLICATE_METHOD_MATCH = YES;
				COPY_PHASE_STRIP = NO;
				DEBUG_INFORMATION_FORMAT = "dwarf-with-dsym";
				ENABLE_NS_ASSERTIONS = NO;
				ENABLE_STRICT_OBJC_MSGSEND = YES;
				ENABLE_USER_SCRIPT_SANDBOXING = YES;
				GCC_C_LANGUAGE_STANDARD = gnu17;
				GCC_NO_COMMON_BLOCKS = YES;
				GCC_WARN_64_TO_32_BIT_CONVERSION = YES;
				GCC_WARN_ABOUT_RETURN_TYPE = YES_ERROR;
				GCC_WARN_UNDECLARED_SELECTOR = YES;
				GCC_WARN_UNINITIALIZED_AUTOS = YES_AGGRESSIVE;
				GCC_WARN_UNUSED_FUNCTION = YES;
				GCC_WARN_UNUSED_VARIABLE = YES;
				IPHONEOS_DEPLOYMENT_TARGET = 17.0;
				LOCALIZATION_PREFERS_STRING_CATALOGS = YES;
				MTL_ENABLE_DEBUG_INFO = NO;
				MTL_FAST_MATH = YES;
				SDKROOT = iphoneos;
				SWIFT_COMPILATION_MODE = wholemodule;
				VALIDATE_PRODUCT = YES;
			};
			name = Release;
		};
		F2B92FC42B1926340015E7C7 /* Debug */ = {
			isa = XCBuildConfiguration;
			buildSettings = {
				ASSETCATALOG_COMPILER_APPICON_NAME = AppIcon;
				ASSETCATALOG_COMPILER_GLOBAL_ACCENT_COLOR_NAME = AccentColor;
				CODE_SIGN_STYLE = Automatic;
				CURRENT_PROJECT_VERSION = 1;
				DEVELOPMENT_ASSET_PATHS = "\"crypto-manager/Preview Content\"";
				DEVELOPMENT_TEAM = 6R73P3M5QG;
				ENABLE_PREVIEWS = YES;
				GENERATE_INFOPLIST_FILE = YES;
				INFOPLIST_KEY_UIApplicationSceneManifest_Generation = YES;
				INFOPLIST_KEY_UIApplicationSupportsIndirectInputEvents = YES;
				INFOPLIST_KEY_UILaunchScreen_Generation = YES;
				INFOPLIST_KEY_UISupportedInterfaceOrientations_iPad = "UIInterfaceOrientationPortrait UIInterfaceOrientationPortraitUpsideDown UIInterfaceOrientationLandscapeLeft UIInterfaceOrientationLandscapeRight";
				INFOPLIST_KEY_UISupportedInterfaceOrientations_iPhone = "UIInterfaceOrientationPortrait UIInterfaceOrientationLandscapeLeft UIInterfaceOrientationLandscapeRight";
				LD_RUNPATH_SEARCH_PATHS = (
					"$(inherited)",
					"@executable_path/Frameworks",
				);
				MARKETING_VERSION = 1.0;
				PRODUCT_BUNDLE_IDENTIFIER = "matela.crypto-manager";
				PRODUCT_NAME = "$(TARGET_NAME)";
				SWIFT_EMIT_LOC_STRINGS = YES;
				SWIFT_VERSION = 5.0;
				TARGETED_DEVICE_FAMILY = "1,2";
			};
			name = Debug;
		};
		F2B92FC52B1926340015E7C7 /* Release */ = {
			isa = XCBuildConfiguration;
			buildSettings = {
				ASSETCATALOG_COMPILER_APPICON_NAME = AppIcon;
				ASSETCATALOG_COMPILER_GLOBAL_ACCENT_COLOR_NAME = AccentColor;
				CODE_SIGN_STYLE = Automatic;
				CURRENT_PROJECT_VERSION = 1;
				DEVELOPMENT_ASSET_PATHS = "\"crypto-manager/Preview Content\"";
				DEVELOPMENT_TEAM = 6R73P3M5QG;
				ENABLE_PREVIEWS = YES;
				GENERATE_INFOPLIST_FILE = YES;
				INFOPLIST_KEY_UIApplicationSceneManifest_Generation = YES;
				INFOPLIST_KEY_UIApplicationSupportsIndirectInputEvents = YES;
				INFOPLIST_KEY_UILaunchScreen_Generation = YES;
				INFOPLIST_KEY_UISupportedInterfaceOrientations_iPad = "UIInterfaceOrientationPortrait UIInterfaceOrientationPortraitUpsideDown UIInterfaceOrientationLandscapeLeft UIInterfaceOrientationLandscapeRight";
				INFOPLIST_KEY_UISupportedInterfaceOrientations_iPhone = "UIInterfaceOrientationPortrait UIInterfaceOrientationLandscapeLeft UIInterfaceOrientationLandscapeRight";
				LD_RUNPATH_SEARCH_PATHS = (
					"$(inherited)",
					"@executable_path/Frameworks",
				);
				MARKETING_VERSION = 1.0;
				PRODUCT_BUNDLE_IDENTIFIER = "matela.crypto-manager";
				PRODUCT_NAME = "$(TARGET_NAME)";
				SWIFT_EMIT_LOC_STRINGS = YES;
				SWIFT_VERSION = 5.0;
				TARGETED_DEVICE_FAMILY = "1,2";
			};
			name = Release;
		};
/* End XCBuildConfiguration section */

/* Begin XCConfigurationList section */
		F2B92FB02B1926320015E7C7 /* Build configuration list for PBXProject "crypto-manager" */ = {
			isa = XCConfigurationList;
			buildConfigurations = (
				F2B92FC12B1926340015E7C7 /* Debug */,
				F2B92FC22B1926340015E7C7 /* Release */,
			);
			defaultConfigurationIsVisible = 0;
			defaultConfigurationName = Release;
		};
		F2B92FC32B1926340015E7C7 /* Build configuration list for PBXNativeTarget "crypto-manager" */ = {
			isa = XCConfigurationList;
			buildConfigurations = (
				F2B92FC42B1926340015E7C7 /* Debug */,
				F2B92FC52B1926340015E7C7 /* Release */,
			);
			defaultConfigurationIsVisible = 0;
			defaultConfigurationName = Release;
		};
/* End XCConfigurationList section */
	};
	rootObject = F2B92FAD2B1926320015E7C7 /* Project object */;
}
